
Microsoft Visual Studio Solution File, Format Version 12.00
# Visual Studio Version 16
VisualStudioVersion = 16.0.30320.27
MinimumVisualStudioVersion = 10.0.40219.1
Project("{FAE04EC0-301F-11D3-BF4B-00C04F79EFBC}") = "Func", "Func\Func.csproj", "{6F8B0692-6A46-4D89-BD99-1B36FE8F0684}"
EndProject
Global
	GlobalSection(SolutionConfigurationPlatforms) = preSolution
		Debug|Any CPU = Debug|Any CPU
		Release|Any CPU = Release|Any CPU
	EndGlobalSection
	GlobalSection(ProjectConfigurationPlatforms) = postSolution
		{6F8B0692-6A46-4D89-BD99-1B36FE8F0684}.Debug|Any CPU.ActiveCfg = Debug|Any CPU
		{6F8B0692-6A46-4D89-BD99-1B36FE8F0684}.Debug|Any CPU.Build.0 = Debug|Any CPU
		{6F8B0692-6A46-4D89-BD99-1B36FE8F0684}.Release|Any CPU.ActiveCfg = Release|Any CPU
		{6F8B0692-6A46-4D89-BD99-1B36FE8F0684}.Release|Any CPU.Build.0 = Release|Any CPU
	EndGlobalSection
	GlobalSection(SolutionProperties) = preSolution
		HideSolutionNode = FALSE
	EndGlobalSection
	GlobalSection(ExtensibilityGlobals) = postSolution
		SolutionGuid = {65FA2620-21CE-4E9E-ADEF-185B0F1B8331}
	EndGlobalSection
EndGlobal
